
Microsoft Visual Studio Solution File, Format Version 12.00
# Visual Studio Version 16
VisualStudioVersion = 16.0.31410.357
MinimumVisualStudioVersion = 10.0.40219.1
Project("{FAE04EC0-301F-11D3-BF4B-00C04F79EFBC}") = "Travel", "Travel\Travel.csproj", "{F4955FA0-2F15-4C20-93F8-93C2F4973492}"
EndProject
Global
	GlobalSection(SolutionConfigurationPlatforms) = preSolution
		Debug|Any CPU = Debug|Any CPU
		Release|Any CPU = Release|Any CPU
	EndGlobalSection
	GlobalSection(ProjectConfigurationPlatforms) = postSolution
		{F4955FA0-2F15-4C20-93F8-93C2F4973492}.Debug|Any CPU.ActiveCfg = Debug|Any CPU
		{F4955FA0-2F15-4C20-93F8-93C2F4973492}.Debug|Any CPU.Build.0 = Debug|Any CPU
		{F4955FA0-2F15-4C20-93F8-93C2F4973492}.Release|Any CPU.ActiveCfg = Release|Any CPU
		{F4955FA0-2F15-4C20-93F8-93C2F4973492}.Release|Any CPU.Build.0 = Release|Any CPU
	EndGlobalSection
	GlobalSection(SolutionProperties) = preSolution
		HideSolutionNode = FALSE
	EndGlobalSection
	GlobalSection(ExtensibilityGlobals) = postSolution
		SolutionGuid = {1C07EA3B-C3F3-4AA6-9405-5933DFCECD1C}
	EndGlobalSection
EndGlobal
